# This file is automatically @generated by Poetry 1.8.0 and should not be changed by hand.

[[package]]
name = "azure-functions"
version = "1.20.0"
description = "Azure Functions for Python"
optional = false
python-versions = "*"
files = [
    {file = "azure-functions-1.20.0.tar.gz", hash = "sha256:437e8889d7a75379159b457589cb74f6f966d3576067ae6649fafcd9058102e1"},
    {file = "azure_functions-1.20.0-py3-none-any.whl", hash = "sha256:1d4ad15b10768b78046154d1da392e99634b64b4821dd091d5b9fe3600c49573"},
]

[package.extras]
dev = ["azure-functions-durable", "coverage", "flake8 (>=4.0.1,<4.1.0)", "flake8-logging-format", "mypy", "pytest", "pytest-cov", "requests (==2.*)"]

[metadata]
lock-version = "2.0"
python-versions = "^3.11"
content-hash = "2330e2de5935f6022f9f59d7975b46305a20365d9837891ba7cbfe85b27ed2ef"
