version = 1
revision = 1
requires-python = ">=3.11"

[[package]]
name = "lindera-example"
version = "0.1.0"
source = { virtual = "." }
dependencies = [
    { name = "lindera-py" },
]

[package.metadata]
requires-dist = [{ name = "lindera-py", specifier = ">=0.41.0" }]

[[package]]
name = "lindera-py"
version = "0.41.0"
source = { registry = "https://pypi.org/simple" }
sdist = { url = "https://files.pythonhosted.org/packages/df/38/ee73564d9afb918b2707be2e2164d9043ae998bc10357f84e4a3f3db42af/lindera_py-0.41.0.tar.gz", hash = "sha256:e74b502983570859fabb443c1aa3a92b21a5921bd0287951c02676d962f74390", size = 148208 }
wheels = [
    { url = "https://files.pythonhosted.org/packages/f4/c3/6209b939c047bae31d685ed43dba2bb7bec7c9f1b1ca599b7a08f8bfc13e/lindera_py-0.41.0-cp311-cp311-macosx_10_12_x86_64.whl", hash = "sha256:0a6cfb209da226235a0442d3ed995a34022a61e98e063a62c071defc6770c930", size = 41709563 },
    { url = "https://files.pythonhosted.org/packages/cc/aa/823b87a66044460d43134379328c81cd4ed32cc6c83aca7753b14c56606a/lindera_py-0.41.0-cp311-cp311-macosx_11_0_arm64.whl", hash = "sha256:99b69c7e46ed4f9ee7ccc369eaae6d3dccd017dc7c1803925062f96cd195c37b", size = 41944701 },
    { url = "https://files.pythonhosted.org/packages/56/3f/b76b76922395ef8e02069d4496b7b77bd9d364bcc4329c7d6dbb5dfab1a5/lindera_py-0.41.0-cp311-cp311-manylinux_2_17_aarch64.manylinux2014_aarch64.whl", hash = "sha256:0e836cf83b342b8d77e9424a27b93bd59ddf0091d26821095c3c5cb07c0d4f42", size = 41805313 },
    { url = "https://files.pythonhosted.org/packages/28/71/8a6a28df2a30b5f5f4860c1923d0812916ce9e464576ec4883ad9438f935/lindera_py-0.41.0-cp311-cp311-manylinux_2_17_armv7l.manylinux2014_armv7l.whl", hash = "sha256:f7330195d4aed398379b5df7f3c6a525f7820af40db99afd5a5a3b1b1e498cc2", size = 41772377 },
    { url = "https://files.pythonhosted.org/packages/dc/7b/c41d13ef542999a1353f637f6d8f24728ed82c0b45eecdb0b5150df20e68/lindera_py-0.41.0-cp311-cp311-manylinux_2_17_x86_64.manylinux2014_x86_64.whl", hash = "sha256:391406359895e438478f787ae9b5909f51feacc3d1d1b4e683a0e0c0bb0eefb9", size = 41870279 },
    { url = "https://files.pythonhosted.org/packages/b9/0f/982d4c0af549ea9d8f02ba1a8c48185b8e621bc57e9bfcc50fa63d65f9ec/lindera_py-0.41.0-cp311-cp311-manylinux_2_5_i686.manylinux1_i686.whl", hash = "sha256:e24de4807daffe2e9de0814ceafb2231e58b1c041cee57e06f2ec93219c2bc00", size = 41896461 },
    { url = "https://files.pythonhosted.org/packages/73/e5/faedc1bee9ec3d4054c2da42ec96e4697664514a0d671a23f81d2eeaf952/lindera_py-0.41.0-cp311-cp311-musllinux_1_2_aarch64.whl", hash = "sha256:f01442326c5fec7cf9903b463c4b1ba8f770630f197d5c23c790b8df0569b9f2", size = 41982018 },
    { url = "https://files.pythonhosted.org/packages/2a/87/812f241e40e3fcb25d4deb5e0c297e92da99bd1ae8623ef054a513d68e5b/lindera_py-0.41.0-cp311-cp311-musllinux_1_2_armv7l.whl", hash = "sha256:e3bd912f4948fced9c40269a079dcf7f5ded98411a4e6ba3e59c0a43448a31a3", size = 42035368 },
    { url = "https://files.pythonhosted.org/packages/33/4a/8ab4a9f7dec33167b669ea298df32b9e1b334a5c7c39e589e7b00a09bf56/lindera_py-0.41.0-cp311-cp311-musllinux_1_2_i686.whl", hash = "sha256:f6f589d80744518e028ac4b17522da7eccb4d2e596b670e524be5f1c73a1ada1", size = 42004109 },
    { url = "https://files.pythonhosted.org/packages/d9/7e/307b7d2ffa892b1756c1ff2518c0c93f9cf2dafac831f50a1c9e18d8f810/lindera_py-0.41.0-cp311-cp311-musllinux_1_2_x86_64.whl", hash = "sha256:e67c5b47ad60f4684a9fa56fc7dbd1790862f4791225144d2fecf4efbda20351", size = 42043245 },
    { url = "https://files.pythonhosted.org/packages/20/9c/7f1792a58771a52f7fe59fbf2812426861bc943ff3d6bf017cfa5695c263/lindera_py-0.41.0-cp311-cp311-win32.whl", hash = "sha256:44284e096563a27b095d2ef717b60c487edbc04bdcd6f6b575f4b6facabf021e", size = 41402191 },
    { url = "https://files.pythonhosted.org/packages/74/53/d7635a64667f804b4f906b4c1971d953ef8e0af0736b4442cdbfb1f5301b/lindera_py-0.41.0-cp311-cp311-win_amd64.whl", hash = "sha256:286c813160a5586e23990574d2c9aa3a659c087b86cec59099aa59b9b1ae8579", size = 41488907 },
    { url = "https://files.pythonhosted.org/packages/4e/85/58abe849f8150867a7bdc96564a3a8581b0e6fdca9443ca548b4ca29ea30/lindera_py-0.41.0-cp312-cp312-macosx_10_12_x86_64.whl", hash = "sha256:70070fb79ad6d9a1f95b04e344628e568d92b1cf55044b6fc0f98d0ed4804fd7", size = 41704008 },
    { url = "https://files.pythonhosted.org/packages/4c/c8/ef2c37fcbe59ddb467884ce41d94aaa3f9d45d30a24ddf4989b18a1d4dd1/lindera_py-0.41.0-cp312-cp312-macosx_11_0_arm64.whl", hash = "sha256:94c03a413e3d2a3cb782759fdb863ffad4d6ab2f6e22e9440b9cf31aa7367fa0", size = 41940091 },
    { url = "https://files.pythonhosted.org/packages/e5/2e/2f92342a655746d7b96e5e16038a9cd6dc854a7ba4e15712125be725f55c/lindera_py-0.41.0-cp312-cp312-manylinux_2_17_aarch64.manylinux2014_aarch64.whl", hash = "sha256:081ee5e3ab9073b46a38579d4e143d9dc7cd9ff6c971eeface770a3a76bb0bfc", size = 41804906 },
    { url = "https://files.pythonhosted.org/packages/7b/75/5feb13e4343290e85bafb8df81cf0d4746da85754508d011c93394d427eb/lindera_py-0.41.0-cp312-cp312-manylinux_2_17_armv7l.manylinux2014_armv7l.whl", hash = "sha256:2857f44532b8f2422c5f223afdc6a03a43f49281cc057cc1d5c00c9c735ef155", size = 41770060 },
    { url = "https://files.pythonhosted.org/packages/02/38/a5d24a7e664ddd67060407ea2296866e63dd889ed0af43b8a799a9bdf221/lindera_py-0.41.0-cp312-cp312-manylinux_2_17_x86_64.manylinux2014_x86_64.whl", hash = "sha256:d5ed9dde3c5f4f581bf5eda57d89bf5ea45fbd71ae5488c0fc2a0648fa5ec1c5", size = 41872152 },
    { url = "https://files.pythonhosted.org/packages/ec/7b/3b9dd2df98df1d31493ef2598593ad2ecd8cff2dbee091a1967629aa2dfe/lindera_py-0.41.0-cp312-cp312-manylinux_2_5_i686.manylinux1_i686.whl", hash = "sha256:3cc36f0b6d288cd70aedeaa797d78f4b59e1c0852ebfc2fc07371d86b6500b26", size = 41894564 },
    { url = "https://files.pythonhosted.org/packages/9e/77/61142dbcb237f166718cb48554e79d436a6ab2f0f2ddb2d17d933ca13fe7/lindera_py-0.41.0-cp312-cp312-musllinux_1_2_aarch64.whl", hash = "sha256:aed31a984de75feec6210f6a26bd12b32d28c18c4e093c80ebbce2b806002cc8", size = 41980632 },
    { url = "https://files.pythonhosted.org/packages/6e/d3/b4cdae6e6876ce42db0b3cddfe7d526a8e208848e37a3b24a258eeb1e46a/lindera_py-0.41.0-cp312-cp312-musllinux_1_2_armv7l.whl", hash = "sha256:37aee722b259098cb308415c14ff443f6eeebcd972b168805dbcf407c3d743b9", size = 42032721 },
    { url = "https://files.pythonhosted.org/packages/09/fc/065d124debf0f97412a2ec98f4c40d10d0fa989e5bb8d0a40b0816f2bf95/lindera_py-0.41.0-cp312-cp312-musllinux_1_2_i686.whl", hash = "sha256:4cb13811575acfe81ef8bb87044dac31f7a7cde8237264ecf275c4b83a317991", size = 42001769 },
    { url = "https://files.pythonhosted.org/packages/95/c8/082a00e7c3845c0f7a7c5130a1403f6d33d3c6056f09a9f36ecefd9bf62b/lindera_py-0.41.0-cp312-cp312-musllinux_1_2_x86_64.whl", hash = "sha256:411a9d67b4c2060ccaa3a37f1ebebb41f3171022c70426dea481d0fff192511b", size = 42042504 },
    { url = "https://files.pythonhosted.org/packages/c4/8f/ebaea15e52562063ad5096835ef7a6eb6b1eb34c1c33b9accbd5351c98fb/lindera_py-0.41.0-cp312-cp312-win32.whl", hash = "sha256:e5bd3ae6e98b6e25daa71e64b4e28a958c7296df07943068f944d3ca2d214429", size = 41401754 },
    { url = "https://files.pythonhosted.org/packages/e2/f8/85acbdb24422b049be43655e381bba0b9a60afd2b7a24cd20fd7f1a28698/lindera_py-0.41.0-cp312-cp312-win_amd64.whl", hash = "sha256:9c4593be38d2bcc11021359b10de2be499e740801795bb869dd192f9a0583480", size = 41489607 },
    { url = "https://files.pythonhosted.org/packages/8d/9e/af9b6d38cff12614d381fa612b65562d73b1b9d2b94d7063041f769a10d6/lindera_py-0.41.0-cp313-cp313-macosx_10_12_x86_64.whl", hash = "sha256:ed38ad0f9b67280f1d0ab253dc73b2a27e406b172b103e3d9a5cbcd280228c72", size = 41703916 },
    { url = "https://files.pythonhosted.org/packages/77/23/2fca71a48e8fb3136667e388b1a5cbc22b747ac06ee868021cecf4b263e3/lindera_py-0.41.0-cp313-cp313-macosx_11_0_arm64.whl", hash = "sha256:6b16f49c223a7e576ebeac424622c5de630dd1676732f0bd4187fc86d215380c", size = 41940084 },
    { url = "https://files.pythonhosted.org/packages/fd/97/9e0b9f9a1e657f494241dae6410c78ac55380886b953dcaa3c8b1139a4eb/lindera_py-0.41.0-cp313-cp313-manylinux_2_17_aarch64.manylinux2014_aarch64.whl", hash = "sha256:2dc0fc1da84e6442d99f4fc652cd23f5167add023c74c61446748a9f59086416", size = 41805125 },
    { url = "https://files.pythonhosted.org/packages/8b/70/ab64dc6e235ba099a5d09d285be585d1ff0cf4c4d6bad96bbf0aa316b760/lindera_py-0.41.0-cp313-cp313-manylinux_2_17_armv7l.manylinux2014_armv7l.whl", hash = "sha256:2c52c00acee0581ce0f94c81a6a5f068d0b1b00c68672c828f4deaa49e673523", size = 41770085 },
    { url = "https://files.pythonhosted.org/packages/81/31/99b2169f1b9c311c9972fd4ee683fde8dd34b9b126569996db96a5d1a488/lindera_py-0.41.0-cp313-cp313-manylinux_2_17_x86_64.manylinux2014_x86_64.whl", hash = "sha256:d7df7d465da7d7c48ebf14e85f4f2f276331d6cffbd3079a82e19e068bd30b3a", size = 41871057 },
    { url = "https://files.pythonhosted.org/packages/57/37/1bde4d9d8190a0cb241bcbdb154e0343aa1124234b88fab16bbefa981ad4/lindera_py-0.41.0-cp313-cp313-manylinux_2_5_i686.manylinux1_i686.whl", hash = "sha256:2a9f7cf9584e531e2878a8b40f0887c00994065c8a31e75c558dbacbfe2b96a2", size = 41894185 },
    { url = "https://files.pythonhosted.org/packages/6d/ca/78d71f0f5129f4dda3a367b52387a103f3ba388c8f2bab5646e3450236d1/lindera_py-0.41.0-cp313-cp313-musllinux_1_2_aarch64.whl", hash = "sha256:e09b3ae5816c9ec6ba3451d9e9fe0e182b26fa954d944ae86d2e1f1d195a518f", size = 41979790 },
    { url = "https://files.pythonhosted.org/packages/ab/8c/638036ea2dc724e35d54d4aed9d1484b61646bd7f79888b96ef5d70d10a5/lindera_py-0.41.0-cp313-cp313-musllinux_1_2_armv7l.whl", hash = "sha256:bf5afe4f81e073449c97459af040fc5118282607ef2884621c44255b6ef120ac", size = 42031737 },
    { url = "https://files.pythonhosted.org/packages/0d/9e/25221b39641cca5e2d04936801266f3ec66ad257bc859d4dc30c7671bb28/lindera_py-0.41.0-cp313-cp313-musllinux_1_2_i686.whl", hash = "sha256:78cb4688d569b88ec8144b32ce3d11e8fd2fae36675b0c03ff3ae965fcdb6e8c", size = 42001649 },
    { url = "https://files.pythonhosted.org/packages/34/2e/a263640a30f1c43b5897ce01bd80163101c8b64a1661d679b51d6c94c125/lindera_py-0.41.0-cp313-cp313-musllinux_1_2_x86_64.whl", hash = "sha256:1e336551cf49af533c245aac5ae1cdef857a1138a7b33acd9bc06bda6da21bb9", size = 42041711 },
    { url = "https://files.pythonhosted.org/packages/54/49/9da2adc2d680cc2999ed85abdea7605580a356280092534a60daa9bb04ec/lindera_py-0.41.0-cp313-cp313-win32.whl", hash = "sha256:7947ff99f01b3ca2fe966bdf352f0568c84a30bf2f74a9d19fa702f036b221d2", size = 41401195 },
    { url = "https://files.pythonhosted.org/packages/ad/ea/16e46a597fd88156ecc8fe0fdf87ce8428a065a5f2d03201d25211b50e1f/lindera_py-0.41.0-cp313-cp313-win_amd64.whl", hash = "sha256:1f503e4b5ec40fb5ae41298615c76c448e18188be045bac9d8ea6b7212c9b9c5", size = 41488741 },
    { url = "https://files.pythonhosted.org/packages/ed/43/9891e7ef8208b1b2292d5cf9473e43235795d2545abad17511e4c7eaf7cd/lindera_py-0.41.0-cp313-cp313t-manylinux_2_17_aarch64.manylinux2014_aarch64.whl", hash = "sha256:ef622a1c88a79b7f50564f9b7ad3d67dc14e62b61b2018b686b6bb6115df86b8", size = 41805484 },
    { url = "https://files.pythonhosted.org/packages/a2/a8/1bf6928975eea0774afa58395727d0b3db78e3465dd62306baca16c0c1a5/lindera_py-0.41.0-cp313-cp313t-manylinux_2_17_armv7l.manylinux2014_armv7l.whl", hash = "sha256:c615744c04ec2fef734923ec148cb5a0958f94edf164739bf21f41f7d13d73ab", size = 41771152 },
    { url = "https://files.pythonhosted.org/packages/c8/45/76f17908b172729130ab8906e066878f1563d37687847a43377df94a30ee/lindera_py-0.41.0-cp313-cp313t-musllinux_1_2_aarch64.whl", hash = "sha256:b6c8a30e1c60c1c8b22911e0154e801cde1d017339298a619e4a12a4b77af8f2", size = 41981805 },
    { url = "https://files.pythonhosted.org/packages/a0/84/3ce04dc2947b2b2dd442e74d3edd4e2ef9c4e60da3c70636b22a8dc75992/lindera_py-0.41.0-cp313-cp313t-musllinux_1_2_armv7l.whl", hash = "sha256:f05b918c77ec8fe58ba846989e61b044fa62ff5b1e65f87d3f97173bc48a6e12", size = 42032926 },
    { url = "https://files.pythonhosted.org/packages/e3/fd/8bfc14f5470a857fab5c2f28143a3788b37ad6eb963752cbfdd4706ead76/lindera_py-0.41.0-cp313-cp313t-musllinux_1_2_i686.whl", hash = "sha256:aa987cf12ede324fcf76703586de6a8b1092e2ffa64e3ebb492bd8051d4960aa", size = 42002577 },
    { url = "https://files.pythonhosted.org/packages/3f/e5/d1e38dcc813a8d452a5b5f1f29709dce43b48d0608fb8b2ea957d7a2e9ab/lindera_py-0.41.0-cp313-cp313t-musllinux_1_2_x86_64.whl", hash = "sha256:c52751725b549a8a981f1a5ff7e6e3de0c9ef4f32e712059beb3e7f13d29d0c9", size = 42042378 },
    { url = "https://files.pythonhosted.org/packages/1e/7a/a74137aee2591e68a92b94eafbb2830897a69500435970d1f860427043b3/lindera_py-0.41.0-pp311-pypy311_pp73-manylinux_2_17_aarch64.manylinux2014_aarch64.whl", hash = "sha256:7f361d320a2c68eaf4ad1dedf360129ed551ccc55a2dc79377dd16681dd70a7e", size = 41807754 },
    { url = "https://files.pythonhosted.org/packages/1f/eb/2ded1d6e4dfb41d9a6ffadb8c2db4d33f235feacd21036da90aa7d6de8bd/lindera_py-0.41.0-pp311-pypy311_pp73-manylinux_2_17_armv7l.manylinux2014_armv7l.whl", hash = "sha256:b1d59249d8cafb38801ad2cf71b57ebf7a8ee9e0967b8f65269cac874fe68b01", size = 41772339 },
    { url = "https://files.pythonhosted.org/packages/64/b4/c91dd67184a731799ba2f2243ab0cb2eb8b37aacfeb0afef2c193210fbd9/lindera_py-0.41.0-pp311-pypy311_pp73-manylinux_2_17_x86_64.manylinux2014_x86_64.whl", hash = "sha256:b1e7a9609636486b65c605205d11aae13b4ef4c953238813436ccbcf3236d54b", size = 41872770 },
    { url = "https://files.pythonhosted.org/packages/58/38/9987ab5ac1c4947b204981c18b0546fe33fa4700cb3c95370c0ff28f614c/lindera_py-0.41.0-pp311-pypy311_pp73-manylinux_2_5_i686.manylinux1_i686.whl", hash = "sha256:5063c199b579b8294532c41e71087af2ce552d0eb6ba27524ebd74688e69a829", size = 41897643 },
    { url = "https://files.pythonhosted.org/packages/a8/e6/29abbfc7aa01f0967ff0a7311057965203ee6233de2b9a28db1b475550a5/lindera_py-0.41.0-pp311-pypy311_pp73-musllinux_1_2_aarch64.whl", hash = "sha256:91246e9cee1fbda1e0b01b022d44b5fc1145f9d161679fa6da5faee6115eb869", size = 41982952 },
    { url = "https://files.pythonhosted.org/packages/10/3a/31d3157bff77f3809cc5972fba45d57c07c7047a63b177b6df818d7f263a/lindera_py-0.41.0-pp311-pypy311_pp73-musllinux_1_2_armv7l.whl", hash = "sha256:7cac5f9031210978fb0fc31059439b21169d65ecbad29ed0979c863689ac835e", size = 42036625 },
    { url = "https://files.pythonhosted.org/packages/30/f3/561df24ecbde96075ca091635d055c64b48bd7215b844789319cad96fab3/lindera_py-0.41.0-pp311-pypy311_pp73-musllinux_1_2_i686.whl", hash = "sha256:ef19af922a1cb8f56a5015079fd1e3ad4cdcdeac46c56c85f499f671a6bd2009", size = 42005914 },
    { url = "https://files.pythonhosted.org/packages/07/4a/fdda174bcc3fb4a05e9423c5869289e9df9ff437a3b315c270f42f6f4c37/lindera_py-0.41.0-pp311-pypy311_pp73-musllinux_1_2_x86_64.whl", hash = "sha256:889031bc653d7c2e675f8e6595b480b6a4b54dc42891c4d0c7e72a35b57053a5", size = 42044356 },
]
