# This file is automatically @generated by Poetry 1.8.0 and should not be changed by hand.

[[package]]
name = "azure-functions"
version = "1.21.3"
description = "Azure Functions for Python"
optional = false
python-versions = "*"
files = [
    {file = "azure-functions-1.21.3.tar.gz", hash = "sha256:c359b9dbd2998c84d8595e31a28ffad4e8ca8dcfb4a3798327f776a67f964351"},
    {file = "azure_functions-1.21.3-py3-none-any.whl", hash = "sha256:6c45f5e61fe59328c81928a428d43c838e9ead52f1cde1628fcabb372fa10cc8"},
]

[package.extras]
dev = ["azure-functions-durable", "coverage", "flake8 (>=4.0.1,<4.1.0)", "flake8-logging-format", "mypy", "pytest", "pytest-cov", "requests (==2.*)"]

[metadata]
lock-version = "2.0"
python-versions = "^3.11"
content-hash = "68375e4c00e2f06858d84667fa2746e829fabab32a5e7d6194e094ddb4e28751"
